
Microsoft Visual Studio Solution File, Format Version 12.00
# Visual Studio Version 17
VisualStudioVersion = 17.4.33205.214
MinimumVisualStudioVersion = 10.0.40219.1
Project("{FAE04EC0-301F-11D3-BF4B-00C04F79EFBC}") = "village", "village\village.csproj", "{4E063D84-9011-41B1-A0DF-380D7A860ADB}"
EndProject
Global
	GlobalSection(SolutionConfigurationPlatforms) = preSolution
		Debug|Any CPU = Debug|Any CPU
		Release|Any CPU = Release|Any CPU
	EndGlobalSection
	GlobalSection(ProjectConfigurationPlatforms) = postSolution
		{4E063D84-9011-41B1-A0DF-380D7A860ADB}.Debug|Any CPU.ActiveCfg = Debug|Any CPU
		{4E063D84-9011-41B1-A0DF-380D7A860ADB}.Debug|Any CPU.Build.0 = Debug|Any CPU
		{4E063D84-9011-41B1-A0DF-380D7A860ADB}.Release|Any CPU.ActiveCfg = Release|Any CPU
		{4E063D84-9011-41B1-A0DF-380D7A860ADB}.Release|Any CPU.Build.0 = Release|Any CPU
	EndGlobalSection
	GlobalSection(SolutionProperties) = preSolution
		HideSolutionNode = FALSE
	EndGlobalSection
	GlobalSection(ExtensibilityGlobals) = postSolution
		SolutionGuid = {1ED7628A-C543-47FE-AB4F-775820E59A6A}
	EndGlobalSection
EndGlobal
